// !$*UTF8*$!
{
	archiveVersion = 1;
	classes = {
	};
	objectVersion = 46;
	objects = {

/* Begin PBXBuildFile section */
		B34EBE061BC4F111000832E1 /* AppDelegate.swift in Sources */ = {isa = PBXBuildFile; fileRef = B34EBE051BC4F111000832E1 /* AppDelegate.swift */; };
		B34EBE081BC4F111000832E1 /* ViewController.swift in Sources */ = {isa = PBXBuildFile; fileRef = B34EBE071BC4F111000832E1 /* ViewController.swift */; };
		B34EBE0B1BC4F111000832E1 /* Main.storyboard in Resources */ = {isa = PBXBuildFile; fileRef = B34EBE091BC4F111000832E1 /* Main.storyboard */; };
		B34EBE0D1BC4F111000832E1 /* Assets.xcassets in Resources */ = {isa = PBXBuildFile; fileRef = B34EBE0C1BC4F111000832E1 /* Assets.xcassets */; };
		B34EBE101BC4F111000832E1 /* LaunchScreen.storyboard in Resources */ = {isa = PBXBuildFile; fileRef = B34EBE0E1BC4F111000832E1 /* LaunchScreen.storyboard */; };
		B34EBE1B1BC4F111000832E1 /* Git_sampleTests.swift in Sources */ = {isa = PBXBuildFile; fileRef = B34EBE1A1BC4F111000832E1 /* Git_sampleTests.swift */; };
		B34EBE261BC4F111000832E1 /* Git_sampleUITests.swift in Sources */ = {isa = PBXBuildFile; fileRef = B34EBE251BC4F111000832E1 /* Git_sampleUITests.swift */; };
/* End PBXBuildFile section */

/* Begin PBXContainerItemProxy section */
		B34EBE171BC4F111000832E1 /* PBXContainerItemProxy */ = {
			isa = PBXContainerItemProxy;
			containerPortal = B34EBDFA1BC4F111000832E1 /* Project object */;
			proxyType = 1;
			remoteGlobalIDString = B34EBE011BC4F111000832E1;
			remoteInfo = Git_sample;
		};
		B34EBE221BC4F111000832E1 /* PBXContainerItemProxy */ = {
			isa = PBXContainerItemProxy;
			containerPortal = B34EBDFA1BC4F111000832E1 /* Project object */;
			proxyType = 1;
			remoteGlobalIDString = B34EBE011BC4F111000832E1;
			remoteInfo = Git_sample;
		};
/* End PBXContainerItemProxy section */

/* Begin PBXFileReference section */
		B34EBE021BC4F111000832E1 /* Git_sample.app */ = {isa = PBXFileReference; explicitFileType = wrapper.application; includeInIndex = 0; path = Git_sample.app; sourceTree = BUILT_PRODUCTS_DIR; };
		B34EBE051BC4F111000832E1 /* AppDelegate.swift */ = {isa = PBXFileReference; lastKnownFileType = sourcecode.swift; path = AppDelegate.swift; sourceTree = "<group>"; };
		B34EBE071BC4F111000832E1 /* ViewController.swift */ = {isa = PBXFileReference; lastKnownFileType = sourcecode.swift; path = ViewController.swift; sourceTree = "<group>"; };
		B34EBE0A1BC4F111000832E1 /* Base */ = {isa = PBXFileReference; lastKnownFileType = file.storyboard; name = Base; path = Base.lproj/Main.storyboard; sourceTree = "<group>"; };
		B34EBE0C1BC4F111000832E1 /* Assets.xcassets */ = {isa = PBXFileReference; lastKnownFileType = folder.assetcatalog; path = Assets.xcassets; sourceTree = "<group>"; };
		B34EBE0F1BC4F111000832E1 /* Base */ = {isa = PBXFileReference; lastKnownFileType = file.storyboard; name = Base; path = Base.lproj/LaunchScreen.storyboard; sourceTree = "<group>"; };
		B34EBE111BC4F111000832E1 /* Info.plist */ = {isa = PBXFileReference; lastKnownFileType = text.plist.xml; path = Info.plist; sourceTree = "<group>"; };
		B34EBE161BC4F111000832E1 /* Git_sampleTests.xctest */ = {isa = PBXFileReference; explicitFileType = wrapper.cfbundle; includeInIndex = 0; path = Git_sampleTests.xctest; sourceTree = BUILT_PRODUCTS_DIR; };
		B34EBE1A1BC4F111000832E1 /* Git_sampleTests.swift */ = {isa = PBXFileReference; lastKnownFileType = sourcecode.swift; path = Git_sampleTests.swift; sourceTree = "<group>"; };
		B34EBE1C1BC4F111000832E1 /* Info.plist */ = {isa = PBXFileReference; lastKnownFileType = text.plist.xml; path = Info.plist; sourceTree = "<group>"; };
		B34EBE211BC4F111000832E1 /* Git_sampleUITests.xctest */ = {isa = PBXFileReference; explicitFileType = wrapper.cfbundle; includeInIndex = 0; path = Git_sampleUITests.xctest; sourceTree = BUILT_PRODUCTS_DIR; };
		B34EBE251BC4F111000832E1 /* Git_sampleUITests.swift */ = {isa = PBXFileReference; lastKnownFileType = sourcecode.swift; path = Git_sampleUITests.swift; sourceTree = "<group>"; };
		B34EBE271BC4F111000832E1 /* Info.plist */ = {isa = PBXFileReference; lastKnownFileType = text.plist.xml; path = Info.plist; sourceTree = "<group>"; };
/* End PBXFileReference section */

/* Begin PBXFrameworksBuildPhase section */
		B34EBDFF1BC4F111000832E1 /* Frameworks */ = {
			isa = PBXFrameworksBuildPhase;
			buildActionMask = 2147483647;
			files = (
			);
			runOnlyForDeploymentPostprocessing = 0;
		};
		B34EBE131BC4F111000832E1 /* Frameworks */ = {
			isa = PBXFrameworksBuildPhase;
			buildActionMask = 2147483647;
			files = (
			);
			runOnlyForDeploymentPostprocessing = 0;
		};
		B34EBE1E1BC4F111000832E1 /* Frameworks */ = {
			isa = PBXFrameworksBuildPhase;
			buildActionMask = 2147483647;
			files = (
			);
			runOnlyForDeploymentPostprocessing = 0;
		};
/* End PBXFrameworksBuildPhase section */

/* Begin PBXGroup section */
		B34EBDF91BC4F111000832E1 = {
			isa = PBXGroup;
			children = (
				B34EBE041BC4F111000832E1 /* Git_sample */,
				B34EBE191BC4F111000832E1 /* Git_sampleTests */,
				B34EBE241BC4F111000832E1 /* Git_sampleUITests */,
				B34EBE031BC4F111000832E1 /* Products */,
			);
			sourceTree = "<group>";
		};
		B34EBE031BC4F111000832E1 /* Products */ = {
			isa = PBXGroup;
			children = (
				B34EBE021BC4F111000832E1 /* Git_sample.app */,
				B34EBE161BC4F111000832E1 /* Git_sampleTests.xctest */,
				B34EBE211BC4F111000832E1 /* Git_sampleUITests.xctest */,
			);
			name = Products;
			sourceTree = "<group>";
		};
		B34EBE041BC4F111000832E1 /* Git_sample */ = {
			isa = PBXGroup;
			children = (
				B34EBE051BC4F111000832E1 /* AppDelegate.swift */,
				B34EBE071BC4F111000832E1 /* ViewController.swift */,
				B34EBE091BC4F111000832E1 /* Main.storyboard */,
				B34EBE0C1BC4F111000832E1 /* Assets.xcassets */,
				B34EBE0E1BC4F111000832E1 /* LaunchScreen.storyboard */,
				B34EBE111BC4F111000832E1 /* Info.plist */,
			);
			path = Git_sample;
			sourceTree = "<group>";
		};
		B34EBE191BC4F111000832E1 /* Git_sampleTests */ = {
			isa = PBXGroup;
			children = (
				B34EBE1A1BC4F111000832E1 /* Git_sampleTests.swift */,
				B34EBE1C1BC4F111000832E1 /* Info.plist */,
			);
			path = Git_sampleTests;
			sourceTree = "<group>";
		};
		B34EBE241BC4F111000832E1 /* Git_sampleUITests */ = {
			isa = PBXGroup;
			children = (
				B34EBE251BC4F111000832E1 /* Git_sampleUITests.swift */,
				B34EBE271BC4F111000832E1 /* Info.plist */,
			);
			path = Git_sampleUITests;
			sourceTree = "<group>";
		};
/* End PBXGroup section */

/* Begin PBXNativeTarget section */
		B34EBE011BC4F111000832E1 /* Git_sample */ = {
			isa = PBXNativeTarget;
			buildConfigurationList = B34EBE2A1BC4F111000832E1 /* Build configuration list for PBXNativeTarget "Git_sample" */;
			buildPhases = (
				B34EBDFE1BC4F111000832E1 /* Sources */,
				B34EBDFF1BC4F111000832E1 /* Frameworks */,
				B34EBE001BC4F111000832E1 /* Resources */,
			);
			buildRules = (
			);
			dependencies = (
			);
			name = Git_sample;
			productName = Git_sample;
			productReference = B34EBE021BC4F111000832E1 /* Git_sample.app */;
			productType = "com.apple.product-type.application";
		};
		B34EBE151BC4F111000832E1 /* Git_sampleTests */ = {
			isa = PBXNativeTarget;
			buildConfigurationList = B34EBE2D1BC4F111000832E1 /* Build configuration list for PBXNativeTarget "Git_sampleTests" */;
			buildPhases = (
				B34EBE121BC4F111000832E1 /* Sources */,
				B34EBE131BC4F111000832E1 /* Frameworks */,
				B34EBE141BC4F111000832E1 /* Resources */,
			);
			buildRules = (
			);
			dependencies = (
				B34EBE181BC4F111000832E1 /* PBXTargetDependency */,
			);
			name = Git_sampleTests;
			productName = Git_sampleTests;
			productReference = B34EBE161BC4F111000832E1 /* Git_sampleTests.xctest */;
			productType = "com.apple.product-type.bundle.unit-test";
		};
		B34EBE201BC4F111000832E1 /* Git_sampleUITests */ = {
			isa = PBXNativeTarget;
			buildConfigurationList = B34EBE301BC4F111000832E1 /* Build configuration list for PBXNativeTarget "Git_sampleUITests" */;
			buildPhases = (
				B34EBE1D1BC4F111000832E1 /* Sources */,
				B34EBE1E1BC4F111000832E1 /* Frameworks */,
				B34EBE1F1BC4F111000832E1 /* Resources */,
			);
			buildRules = (
			);
			dependencies = (
				B34EBE231BC4F111000832E1 /* PBXTargetDependency */,
			);
			name = Git_sampleUITests;
			productName = Git_sampleUITests;
			productReference = B34EBE211BC4F111000832E1 /* Git_sampleUITests.xctest */;
			productType = "com.apple.product-type.bundle.ui-testing";
		};
/* End PBXNativeTarget section */

/* Begin PBXProject section */
		B34EBDFA1BC4F111000832E1 /* Project object */ = {
			isa = PBXProject;
			attributes = {
				LastUpgradeCheck = 0700;
				ORGANIZATIONNAME = "TECH::CAMP";
				TargetAttributes = {
					B34EBE011BC4F111000832E1 = {
						CreatedOnToolsVersion = 7.0.1;
					};
					B34EBE151BC4F111000832E1 = {
						CreatedOnToolsVersion = 7.0.1;
						TestTargetID = B34EBE011BC4F111000832E1;
					};
					B34EBE201BC4F111000832E1 = {
						CreatedOnToolsVersion = 7.0.1;
						TestTargetID = B34EBE011BC4F111000832E1;
					};
				};
			};
			buildConfigurationList = B34EBDFD1BC4F111000832E1 /* Build configuration list for PBXProject "Git_sample" */;
			compatibilityVersion = "Xcode 3.2";
			developmentRegion = English;
			hasScannedForEncodings = 0;
			knownRegions = (
				en,
				Base,
			);
			mainGroup = B34EBDF91BC4F111000832E1;
			productRefGroup = B34EBE031BC4F111000832E1 /* Products */;
			projectDirPath = "";
			projectRoot = "";
			targets = (
				B34EBE011BC4F111000832E1 /* Git_sample */,
				B34EBE151BC4F111000832E1 /* Git_sampleTests */,
				B34EBE201BC4F111000832E1 /* Git_sampleUITests */,
			);
		};
/* End PBXProject section */

/* Begin PBXResourcesBuildPhase section */
		B34EBE001BC4F111000832E1 /* Resources */ = {
			isa = PBXResourcesBuildPhase;
			buildActionMask = 2147483647;
			files = (
				B34EBE101BC4F111000832E1 /* LaunchScreen.storyboard in Resources */,
				B34EBE0D1BC4F111000832E1 /* Assets.xcassets in Resources */,
				B34EBE0B1BC4F111000832E1 /* Main.storyboard in Resources */,
			);
			runOnlyForDeploymentPostprocessing = 0;
		};
		B34EBE141BC4F111000832E1 /* Resources */ = {
			isa = PBXResourcesBuildPhase;
			buildActionMask = 2147483647;
			files = (
			);
			runOnlyForDeploymentPostprocessing = 0;
		};
		B34EBE1F1BC4F111000832E1 /* Resources */ = {
			isa = PBXResourcesBuildPhase;
			buildActionMask = 2147483647;
			files = (
			);
			runOnlyForDeploymentPostprocessing = 0;
		};
/* End PBXResourcesBuildPhase section */

/* Begin PBXSourcesBuildPhase section */
		B34EBDFE1BC4F111000832E1 /* Sources */ = {
			isa = PBXSourcesBuildPhase;
			buildActionMask = 2147483647;
			files = (
				B34EBE081BC4F111000832E1 /* ViewController.swift in Sources */,
				B34EBE061BC4F111000832E1 /* AppDelegate.swift in Sources */,
			);
			runOnlyForDeploymentPostprocessing = 0;
		};
		B34EBE121BC4F111000832E1 /* Sources */ = {
			isa = PBXSourcesBuildPhase;
			buildActionMask = 2147483647;
			files = (
				B34EBE1B1BC4F111000832E1 /* Git_sampleTests.swift in Sources */,
			);
			runOnlyForDeploymentPostprocessing = 0;
		};
		B34EBE1D1BC4F111000832E1 /* Sources */ = {
			isa = PBXSourcesBuildPhase;
			buildActionMask = 2147483647;
			files = (
				B34EBE261BC4F111000832E1 /* Git_sampleUITests.swift in Sources */,
			);
			runOnlyForDeploymentPostprocessing = 0;
		};
/* End PBXSourcesBuildPhase section */

/* Begin PBXTargetDependency section */
		B34EBE181BC4F111000832E1 /* PBXTargetDependency */ = {
			isa = PBXTargetDependency;
			target = B34EBE011BC4F111000832E1 /* Git_sample */;
			targetProxy = B34EBE171BC4F111000832E1 /* PBXContainerItemProxy */;
		};
		B34EBE231BC4F111000832E1 /* PBXTargetDependency */ = {
			isa = PBXTargetDependency;
			target = B34EBE011BC4F111000832E1 /* Git_sample */;
			targetProxy = B34EBE221BC4F111000832E1 /* PBXContainerItemProxy */;
		};
/* End PBXTargetDependency section */

/* Begin PBXVariantGroup section */
		B34EBE091BC4F111000832E1 /* Main.storyboard */ = {
			isa = PBXVariantGroup;
			children = (
				B34EBE0A1BC4F111000832E1 /* Base */,
			);
			name = Main.storyboard;
			sourceTree = "<group>";
		};
		B34EBE0E1BC4F111000832E1 /* LaunchScreen.storyboard */ = {
			isa = PBXVariantGroup;
			children = (
				B34EBE0F1BC4F111000832E1 /* Base */,
			);
			name = LaunchScreen.storyboard;
			sourceTree = "<group>";
		};
/* End PBXVariantGroup section */

/* Begin XCBuildConfiguration section */
		B34EBE281BC4F111000832E1 /* Debug */ = {
			isa = XCBuildConfiguration;
			buildSettings = {
				ALWAYS_SEARCH_USER_PATHS = NO;
				CLANG_CXX_LANGUAGE_STANDARD = "gnu++0x";
				CLANG_CXX_LIBRARY = "libc++";
				CLANG_ENABLE_MODULES = YES;
				CLANG_ENABLE_OBJC_ARC = YES;
				CLANG_WARN_BOOL_CONVERSION = YES;
				CLANG_WARN_CONSTANT_CONVERSION = YES;
				CLANG_WARN_DIRECT_OBJC_ISA_USAGE = YES_ERROR;
				CLANG_WARN_EMPTY_BODY = YES;
				CLANG_WARN_ENUM_CONVERSION = YES;
				CLANG_WARN_INT_CONVERSION = YES;
				CLANG_WARN_OBJC_ROOT_CLASS = YES_ERROR;
				CLANG_WARN_UNREACHABLE_CODE = YES;
				CLANG_WARN__DUPLICATE_METHOD_MATCH = YES;
				"CODE_SIGN_IDENTITY[sdk=iphoneos*]" = "iPhone Developer";
				COPY_PHASE_STRIP = NO;
				DEBUG_INFORMATION_FORMAT = dwarf;
				ENABLE_STRICT_OBJC_MSGSEND = YES;
				ENABLE_TESTABILITY = YES;
				GCC_C_LANGUAGE_STANDARD = gnu99;
				GCC_DYNAMIC_NO_PIC = NO;
				GCC_NO_COMMON_BLOCKS = YES;
				GCC_OPTIMIZATION_LEVEL = 0;
				GCC_PREPROCESSOR_DEFINITIONS = (
					"DEBUG=1",
					"$(inherited)",
				);
				GCC_WARN_64_TO_32_BIT_CONVERSION = YES;
				GCC_WARN_ABOUT_RETURN_TYPE = YES_ERROR;
				GCC_WARN_UNDECLARED_SELECTOR = YES;
				GCC_WARN_UNINITIALIZED_AUTOS = YES_AGGRESSIVE;
				GCC_WARN_UNUSED_FUNCTION = YES;
				GCC_WARN_UNUSED_VARIABLE = YES;
				IPHONEOS_DEPLOYMENT_TARGET = 9.0;
				MTL_ENABLE_DEBUG_INFO = YES;
				ONLY_ACTIVE_ARCH = YES;
				SDKROOT = iphoneos;
				SWIFT_OPTIMIZATION_LEVEL = "-Onone";
				TARGETED_DEVICE_FAMILY = "1,2";
			};
			name = Debug;
		};
		B34EBE291BC4F111000832E1 /* Release */ = {
			isa = XCBuildConfiguration;
			buildSettings = {
				ALWAYS_SEARCH_USER_PATHS = NO;
				CLANG_CXX_LANGUAGE_STANDARD = "gnu++0x";
				CLANG_CXX_LIBRARY = "libc++";
				CLANG_ENABLE_MODULES = YES;
				CLANG_ENABLE_OBJC_ARC = YES;
				CLANG_WARN_BOOL_CONVERSION = YES;
				CLANG_WARN_CONSTANT_CONVERSION = YES;
				CLANG_WARN_DIRECT_OBJC_ISA_USAGE = YES_ERROR;
				CLANG_WARN_EMPTY_BODY = YES;
				CLANG_WARN_ENUM_CONVERSION = YES;
				CLANG_WARN_INT_CONVERSION = YES;
				CLANG_WARN_OBJC_ROOT_CLASS = YES_ERROR;
				CLANG_WARN_UNREACHABLE_CODE = YES;
				CLANG_WARN__DUPLICATE_METHOD_MATCH = YES;
				"CODE_SIGN_IDENTITY[sdk=iphoneos*]" = "iPhone Developer";
				COPY_PHASE_STRIP = NO;
				DEBUG_INFORMATION_FORMAT = "dwarf-with-dsym";
				ENABLE_NS_ASSERTIONS = NO;
				ENABLE_STRICT_OBJC_MSGSEND = YES;
				GCC_C_LANGUAGE_STANDARD = gnu99;
				GCC_NO_COMMON_BLOCKS = YES;
				GCC_WARN_64_TO_32_BIT_CONVERSION = YES;
				GCC_WARN_ABOUT_RETURN_TYPE = YES_ERROR;
				GCC_WARN_UNDECLARED_SELECTOR = YES;
				GCC_WARN_UNINITIALIZED_AUTOS = YES_AGGRESSIVE;
				GCC_WARN_UNUSED_FUNCTION = YES;
				GCC_WARN_UNUSED_VARIABLE = YES;
				IPHONEOS_DEPLOYMENT_TARGET = 9.0;
				MTL_ENABLE_DEBUG_INFO = NO;
				SDKROOT = iphoneos;
				TARGETED_DEVICE_FAMILY = "1,2";
				VALIDATE_PRODUCT = YES;
			};
			name = Release;
		};
		B34EBE2B1BC4F111000832E1 /* Debug */ = {
			isa = XCBuildConfiguration;
			buildSettings = {
				ASSETCATALOG_COMPILER_APPICON_NAME = AppIcon;
				INFOPLIST_FILE = Git_sample/Info.plist;
				LD_RUNPATH_SEARCH_PATHS = "$(inherited) @executable_path/Frameworks";
				PRODUCT_BUNDLE_IDENTIFIER = "TECH--CAMP.Git-sample";
				PRODUCT_NAME = "$(TARGET_NAME)";
			};
			name = Debug;
		};
		B34EBE2C1BC4F111000832E1 /* Release */ = {
			isa = XCBuildConfiguration;
			buildSettings = {
				ASSETCATALOG_COMPILER_APPICON_NAME = AppIcon;
				INFOPLIST_FILE = Git_sample/Info.plist;
				LD_RUNPATH_SEARCH_PATHS = "$(inherited) @executable_path/Frameworks";
				PRODUCT_BUNDLE_IDENTIFIER = "TECH--CAMP.Git-sample";
				PRODUCT_NAME = "$(TARGET_NAME)";
			};
			name = Release;
		};
		B34EBE2E1BC4F111000832E1 /* Debug */ = {
			isa = XCBuildConfiguration;
			buildSettings = {
				BUNDLE_LOADER = "$(TEST_HOST)";
				INFOPLIST_FILE = Git_sampleTests/Info.plist;
				LD_RUNPATH_SEARCH_PATHS = "$(inherited) @executable_path/Frameworks @loader_path/Frameworks";
				PRODUCT_BUNDLE_IDENTIFIER = "TECH--CAMP.Git-sampleTests";
				PRODUCT_NAME = "$(TARGET_NAME)";
				TEST_HOST = "$(BUILT_PRODUCTS_DIR)/Git_sample.app/Git_sample";
			};
			name = Debug;
		};
		B34EBE2F1BC4F111000832E1 /* Release */ = {
			isa = XCBuildConfiguration;
			buildSettings = {
				BUNDLE_LOADER = "$(TEST_HOST)";
				INFOPLIST_FILE = Git_sampleTests/Info.plist;
				LD_RUNPATH_SEARCH_PATHS = "$(inherited) @executable_path/Frameworks @loader_path/Frameworks";
				PRODUCT_BUNDLE_IDENTIFIER = "TECH--CAMP.Git-sampleTests";
				PRODUCT_NAME = "$(TARGET_NAME)";
				TEST_HOST = "$(BUILT_PRODUCTS_DIR)/Git_sample.app/Git_sample";
			};
			name = Release;
		};
		B34EBE311BC4F111000832E1 /* Debug */ = {
			isa = XCBuildConfiguration;
			buildSettings = {
				INFOPLIST_FILE = Git_sampleUITests/Info.plist;
				LD_RUNPATH_SEARCH_PATHS = "$(inherited) @executable_path/Frameworks @loader_path/Frameworks";
				PRODUCT_BUNDLE_IDENTIFIER = "TECH--CAMP.Git-sampleUITests";
				PRODUCT_NAME = "$(TARGET_NAME)";
				TEST_TARGET_NAME = Git_sample;
				USES_XCTRUNNER = YES;
			};
			name = Debug;
		};
		B34EBE321BC4F111000832E1 /* Release */ = {
			isa = XCBuildConfiguration;
			buildSettings = {
				INFOPLIST_FILE = Git_sampleUITests/Info.plist;
				LD_RUNPATH_SEARCH_PATHS = "$(inherited) @executable_path/Frameworks @loader_path/Frameworks";
				PRODUCT_BUNDLE_IDENTIFIER = "TECH--CAMP.Git-sampleUITests";
				PRODUCT_NAME = "$(TARGET_NAME)";
				TEST_TARGET_NAME = Git_sample;
				USES_XCTRUNNER = YES;
			};
			name = Release;
		};
/* End XCBuildConfiguration section */

/* Begin XCConfigurationList section */
		B34EBDFD1BC4F111000832E1 /* Build configuration list for PBXProject "Git_sample" */ = {
			isa = XCConfigurationList;
			buildConfigurations = (
				B34EBE281BC4F111000832E1 /* Debug */,
				B34EBE291BC4F111000832E1 /* Release */,
			);
			defaultConfigurationIsVisible = 0;
			defaultConfigurationName = Release;
		};
		B34EBE2A1BC4F111000832E1 /* Build configuration list for PBXNativeTarget "Git_sample" */ = {
			isa = XCConfigurationList;
			buildConfigurations = (
				B34EBE2B1BC4F111000832E1 /* Debug */,
				B34EBE2C1BC4F111000832E1 /* Release */,
			);
			defaultConfigurationIsVisible = 0;
		};
		B34EBE2D1BC4F111000832E1 /* Build configuration list for PBXNativeTarget "Git_sampleTests" */ = {
			isa = XCConfigurationList;
			buildConfigurations = (
				B34EBE2E1BC4F111000832E1 /* Debug */,
				B34EBE2F1BC4F111000832E1 /* Release */,
			);
			defaultConfigurationIsVisible = 0;
		};
		B34EBE301BC4F111000832E1 /* Build configuration list for PBXNativeTarget "Git_sampleUITests" */ = {
			isa = XCConfigurationList;
			buildConfigurations = (
				B34EBE311BC4F111000832E1 /* Debug */,
				B34EBE321BC4F111000832E1 /* Release */,
			);
			defaultConfigurationIsVisible = 0;
		};
/* End XCConfigurationList section */
	};
	rootObject = B34EBDFA1BC4F111000832E1 /* Project object */;
}
